
Microsoft Visual Studio Solution File, Format Version 12.00
# Visual Studio Version 16
VisualStudioVersion = 16.0.29020.237
MinimumVisualStudioVersion = 10.0.40219.1
Project("{FAE04EC0-301F-11D3-BF4B-00C04F79EFBC}") = "PlantMonitorApp.UWP", "PlantMonitorApp\PlantMonitorApp.UWP\PlantMonitorApp.UWP.csproj", "{569ED065-23B5-4622-A2F8-E06BF502A5DA}"
EndProject
Project("{FAE04EC0-301F-11D3-BF4B-00C04F79EFBC}") = "PlantMonitorApp.Android", "PlantMonitorApp\PlantMonitorApp.Android\PlantMonitorApp.Android.csproj", "{8BE09A54-594F-4FB5-8787-F9D597698DF5}"
EndProject
Project("{FAE04EC0-301F-11D3-BF4B-00C04F79EFBC}") = "PlantMonitorApp.iOS", "PlantMonitorApp\PlantMonitorApp.iOS\PlantMonitorApp.iOS.csproj", "{43952D5A-85FA-4FE5-9C84-20E509B098AB}"
EndProject
Project("{FAE04EC0-301F-11D3-BF4B-00C04F79EFBC}") = "PlantMonitorApp", "PlantMonitorApp\PlantMonitorApp\PlantMonitorApp.csproj", "{8AE383A5-01FA-45E3-B993-1D646C5BD039}"
EndProject
Global
	GlobalSection(SolutionConfigurationPlatforms) = preSolution
		Debug|Any CPU = Debug|Any CPU
		Debug|ARM = Debug|ARM
		Debug|iPhone = Debug|iPhone
		Debug|iPhoneSimulator = Debug|iPhoneSimulator
		Debug|x64 = Debug|x64
		Debug|x86 = Debug|x86
		Release|Any CPU = Release|Any CPU
		Release|ARM = Release|ARM
		Release|iPhone = Release|iPhone
		Release|iPhoneSimulator = Release|iPhoneSimulator
		Release|x64 = Release|x64
		Release|x86 = Release|x86
	EndGlobalSection
	GlobalSection(ProjectConfigurationPlatforms) = postSolution
		{569ED065-23B5-4622-A2F8-E06BF502A5DA}.Debug|Any CPU.ActiveCfg = Debug|x86
		{569ED065-23B5-4622-A2F8-E06BF502A5DA}.Debug|Any CPU.Build.0 = Debug|x86
		{569ED065-23B5-4622-A2F8-E06BF502A5DA}.Debug|Any CPU.Deploy.0 = Debug|x86
		{569ED065-23B5-4622-A2F8-E06BF502A5DA}.Debug|ARM.ActiveCfg = Debug|ARM
		{569ED065-23B5-4622-A2F8-E06BF502A5DA}.Debug|ARM.Build.0 = Debug|ARM
		{569ED065-23B5-4622-A2F8-E06BF502A5DA}.Debug|ARM.Deploy.0 = Debug|ARM
		{569ED065-23B5-4622-A2F8-E06BF502A5DA}.Debug|iPhone.ActiveCfg = Debug|x86
		{569ED065-23B5-4622-A2F8-E06BF502A5DA}.Debug|iPhone.Build.0 = Debug|x86
		{569ED065-23B5-4622-A2F8-E06BF502A5DA}.Debug|iPhone.Deploy.0 = Debug|x86
		{569ED065-23B5-4622-A2F8-E06BF502A5DA}.Debug|iPhoneSimulator.ActiveCfg = Debug|x86
		{569ED065-23B5-4622-A2F8-E06BF502A5DA}.Debug|iPhoneSimulator.Build.0 = Debug|x86
		{569ED065-23B5-4622-A2F8-E06BF502A5DA}.Debug|iPhoneSimulator.Deploy.0 = Debug|x86
		{569ED065-23B5-4622-A2F8-E06BF502A5DA}.Debug|x64.ActiveCfg = Debug|x64
		{569ED065-23B5-4622-A2F8-E06BF502A5DA}.Debug|x64.Build.0 = Debug|x64
		{569ED065-23B5-4622-A2F8-E06BF502A5DA}.Debug|x64.Deploy.0 = Debug|x64
		{569ED065-23B5-4622-A2F8-E06BF502A5DA}.Debug|x86.ActiveCfg = Debug|x86
		{569ED065-23B5-4622-A2F8-E06BF502A5DA}.Debug|x86.Build.0 = Debug|x86
		{569ED065-23B5-4622-A2F8-E06BF502A5DA}.Debug|x86.Deploy.0 = Debug|x86
		{569ED065-23B5-4622-A2F8-E06BF502A5DA}.Release|Any CPU.ActiveCfg = Release|x86
		{569ED065-23B5-4622-A2F8-E06BF502A5DA}.Release|Any CPU.Build.0 = Release|x86
		{569ED065-23B5-4622-A2F8-E06BF502A5DA}.Release|Any CPU.Deploy.0 = Release|x86
		{569ED065-23B5-4622-A2F8-E06BF502A5DA}.Release|ARM.ActiveCfg = Release|ARM
		{569ED065-23B5-4622-A2F8-E06BF502A5DA}.Release|ARM.Build.0 = Release|ARM
		{569ED065-23B5-4622-A2F8-E06BF502A5DA}.Release|ARM.Deploy.0 = Release|ARM
		{569ED065-23B5-4622-A2F8-E06BF502A5DA}.Release|iPhone.ActiveCfg = Release|x86
		{569ED065-23B5-4622-A2F8-E06BF502A5DA}.Release|iPhone.Build.0 = Release|x86
		{569ED065-23B5-4622-A2F8-E06BF502A5DA}.Release|iPhone.Deploy.0 = Release|x86
		{569ED065-23B5-4622-A2F8-E06BF502A5DA}.Release|iPhoneSimulator.ActiveCfg = Release|x86
		{569ED065-23B5-4622-A2F8-E06BF502A5DA}.Release|iPhoneSimulator.Build.0 = Release|x86
		{569ED065-23B5-4622-A2F8-E06BF502A5DA}.Release|iPhoneSimulator.Deploy.0 = Release|x86
		{569ED065-23B5-4622-A2F8-E06BF502A5DA}.Release|x64.ActiveCfg = Release|x64
		{569ED065-23B5-4622-A2F8-E06BF502A5DA}.Release|x64.Build.0 = Release|x64
		{569ED065-23B5-4622-A2F8-E06BF502A5DA}.Release|x64.Deploy.0 = Release|x64
		{569ED065-23B5-4622-A2F8-E06BF502A5DA}.Release|x86.ActiveCfg = Release|x86
		{569ED065-23B5-4622-A2F8-E06BF502A5DA}.Release|x86.Build.0 = Release|x86
		{569ED065-23B5-4622-A2F8-E06BF502A5DA}.Release|x86.Deploy.0 = Release|x86
		{8BE09A54-594F-4FB5-8787-F9D597698DF5}.Debug|Any CPU.ActiveCfg = Debug|Any CPU
		{8BE09A54-594F-4FB5-8787-F9D597698DF5}.Debug|Any CPU.Build.0 = Debug|Any CPU
		{8BE09A54-594F-4FB5-8787-F9D597698DF5}.Debug|Any CPU.Deploy.0 = Debug|Any CPU
		{8BE09A54-594F-4FB5-8787-F9D597698DF5}.Debug|ARM.ActiveCfg = Debug|Any CPU
		{8BE09A54-594F-4FB5-8787-F9D597698DF5}.Debug|ARM.Build.0 = Debug|Any CPU
		{8BE09A54-594F-4FB5-8787-F9D597698DF5}.Debug|ARM.Deploy.0 = Debug|Any CPU
		{8BE09A54-594F-4FB5-8787-F9D597698DF5}.Debug|iPhone.ActiveCfg = Debug|Any CPU
		{8BE09A54-594F-4FB5-8787-F9D597698DF5}.Debug|iPhone.Build.0 = Debug|Any CPU
		{8BE09A54-594F-4FB5-8787-F9D597698DF5}.Debug|iPhone.Deploy.0 = Debug|Any CPU
		{8BE09A54-594F-4FB5-8787-F9D597698DF5}.Debug|iPhoneSimulator.ActiveCfg = Debug|Any CPU
		{8BE09A54-594F-4FB5-8787-F9D597698DF5}.Debug|iPhoneSimulator.Build.0 = Debug|Any CPU
		{8BE09A54-594F-4FB5-8787-F9D597698DF5}.Debug|iPhoneSimulator.Deploy.0 = Debug|Any CPU
		{8BE09A54-594F-4FB5-8787-F9D597698DF5}.Debug|x64.ActiveCfg = Debug|Any CPU
		{8BE09A54-594F-4FB5-8787-F9D597698DF5}.Debug|x64.Build.0 = Debug|Any CPU
		{8BE09A54-594F-4FB5-8787-F9D597698DF5}.Debug|x64.Deploy.0 = Debug|Any CPU
		{8BE09A54-594F-4FB5-8787-F9D597698DF5}.Debug|x86.ActiveCfg = Debug|Any CPU
		{8BE09A54-594F-4FB5-8787-F9D597698DF5}.Debug|x86.Build.0 = Debug|Any CPU
		{8BE09A54-594F-4FB5-8787-F9D597698DF5}.Debug|x86.Deploy.0 = Debug|Any CPU
		{8BE09A54-594F-4FB5-8787-F9D597698DF5}.Release|Any CPU.ActiveCfg = Release|Any CPU
		{8BE09A54-594F-4FB5-8787-F9D597698DF5}.Release|Any CPU.Build.0 = Release|Any CPU
		{8BE09A54-594F-4FB5-8787-F9D597698DF5}.Release|Any CPU.Deploy.0 = Release|Any CPU
		{8BE09A54-594F-4FB5-8787-F9D597698DF5}.Release|ARM.ActiveCfg = Release|Any CPU
		{8BE09A54-594F-4FB5-8787-F9D597698DF5}.Release|ARM.Build.0 = Release|Any CPU
		{8BE09A54-594F-4FB5-8787-F9D597698DF5}.Release|ARM.Deploy.0 = Release|Any CPU
		{8BE09A54-594F-4FB5-8787-F9D597698DF5}.Release|iPhone.ActiveCfg = Release|Any CPU
		{8BE09A54-594F-4FB5-8787-F9D597698DF5}.Release|iPhone.Build.0 = Release|Any CPU
		{8BE09A54-594F-4FB5-8787-F9D597698DF5}.Release|iPhone.Deploy.0 = Release|Any CPU
		{8BE09A54-594F-4FB5-8787-F9D597698DF5}.Release|iPhoneSimulator.ActiveCfg = Release|Any CPU
		{8BE09A54-594F-4FB5-8787-F9D597698DF5}.Release|iPhoneSimulator.Build.0 = Release|Any CPU
		{8BE09A54-594F-4FB5-8787-F9D597698DF5}.Release|iPhoneSimulator.Deploy.0 = Release|Any CPU
		{8BE09A54-594F-4FB5-8787-F9D597698DF5}.Release|x64.ActiveCfg = Release|Any CPU
		{8BE09A54-594F-4FB5-8787-F9D597698DF5}.Release|x64.Build.0 = Release|Any CPU
		{8BE09A54-594F-4FB5-8787-F9D597698DF5}.Release|x64.Deploy.0 = Release|Any CPU
		{8BE09A54-594F-4FB5-8787-F9D597698DF5}.Release|x86.ActiveCfg = Release|Any CPU
		{8BE09A54-594F-4FB5-8787-F9D597698DF5}.Release|x86.Build.0 = Release|Any CPU
		{8BE09A54-594F-4FB5-8787-F9D597698DF5}.Release|x86.Deploy.0 = Release|Any CPU
		{43952D5A-85FA-4FE5-9C84-20E509B098AB}.Debug|Any CPU.ActiveCfg = Debug|iPhone
		{43952D5A-85FA-4FE5-9C84-20E509B098AB}.Debug|Any CPU.Build.0 = Debug|iPhone
		{43952D5A-85FA-4FE5-9C84-20E509B098AB}.Debug|Any CPU.Deploy.0 = Debug|iPhone
		{43952D5A-85FA-4FE5-9C84-20E509B098AB}.Debug|ARM.ActiveCfg = Debug|iPhoneSimulator
		{43952D5A-85FA-4FE5-9C84-20E509B098AB}.Debug|ARM.Build.0 = Debug|iPhoneSimulator
		{43952D5A-85FA-4FE5-9C84-20E509B098AB}.Debug|ARM.Deploy.0 = Debug|iPhoneSimulator
		{43952D5A-85FA-4FE5-9C84-20E509B098AB}.Debug|iPhone.ActiveCfg = Debug|iPhone
		{43952D5A-85FA-4FE5-9C84-20E509B098AB}.Debug|iPhone.Build.0 = Debug|iPhone
		{43952D5A-85FA-4FE5-9C84-20E509B098AB}.Debug|iPhone.Deploy.0 = Debug|iPhone
		{43952D5A-85FA-4FE5-9C84-20E509B098AB}.Debug|iPhoneSimulator.ActiveCfg = Debug|iPhoneSimulator
		{43952D5A-85FA-4FE5-9C84-20E509B098AB}.Debug|iPhoneSimulator.Build.0 = Debug|iPhoneSimulator
		{43952D5A-85FA-4FE5-9C84-20E509B098AB}.Debug|iPhoneSimulator.Deploy.0 = Debug|iPhoneSimulator
		{43952D5A-85FA-4FE5-9C84-20E509B098AB}.Debug|x64.ActiveCfg = Debug|iPhone
		{43952D5A-85FA-4FE5-9C84-20E509B098AB}.Debug|x64.Build.0 = Debug|iPhone
		{43952D5A-85FA-4FE5-9C84-20E509B098AB}.Debug|x64.Deploy.0 = Debug|iPhone
		{43952D5A-85FA-4FE5-9C84-20E509B098AB}.Debug|x86.ActiveCfg = Debug|iPhone
		{43952D5A-85FA-4FE5-9C84-20E509B098AB}.Debug|x86.Build.0 = Debug|iPhone
		{43952D5A-85FA-4FE5-9C84-20E509B098AB}.Debug|x86.Deploy.0 = Debug|iPhone
		{43952D5A-85FA-4FE5-9C84-20E509B098AB}.Release|Any CPU.ActiveCfg = Release|iPhone
		{43952D5A-85FA-4FE5-9C84-20E509B098AB}.Release|Any CPU.Build.0 = Release|iPhone
		{43952D5A-85FA-4FE5-9C84-20E509B098AB}.Release|Any CPU.Deploy.0 = Release|iPhone
		{43952D5A-85FA-4FE5-9C84-20E509B098AB}.Release|ARM.ActiveCfg = Release|iPhone
		{43952D5A-85FA-4FE5-9C84-20E509B098AB}.Release|ARM.Build.0 = Release|iPhone
		{43952D5A-85FA-4FE5-9C84-20E509B098AB}.Release|ARM.Deploy.0 = Release|iPhone
		{43952D5A-85FA-4FE5-9C84-20E509B098AB}.Release|iPhone.ActiveCfg = Release|iPhone
		{43952D5A-85FA-4FE5-9C84-20E509B098AB}.Release|iPhone.Build.0 = Release|iPhone
		{43952D5A-85FA-4FE5-9C84-20E509B098AB}.Release|iPhone.Deploy.0 = Release|iPhone
		{43952D5A-85FA-4FE5-9C84-20E509B098AB}.Release|iPhoneSimulator.ActiveCfg = Release|iPhoneSimulator
		{43952D5A-85FA-4FE5-9C84-20E509B098AB}.Release|iPhoneSimulator.Build.0 = Release|iPhoneSimulator
		{43952D5A-85FA-4FE5-9C84-20E509B098AB}.Release|iPhoneSimulator.Deploy.0 = Release|iPhoneSimulator
		{43952D5A-85FA-4FE5-9C84-20E509B098AB}.Release|x64.ActiveCfg = Release|iPhone
		{43952D5A-85FA-4FE5-9C84-20E509B098AB}.Release|x64.Build.0 = Release|iPhone
		{43952D5A-85FA-4FE5-9C84-20E509B098AB}.Release|x64.Deploy.0 = Release|iPhone
		{43952D5A-85FA-4FE5-9C84-20E509B098AB}.Release|x86.ActiveCfg = Release|iPhone
		{43952D5A-85FA-4FE5-9C84-20E509B098AB}.Release|x86.Build.0 = Release|iPhone
		{43952D5A-85FA-4FE5-9C84-20E509B098AB}.Release|x86.Deploy.0 = Release|iPhone
		{8AE383A5-01FA-45E3-B993-1D646C5BD039}.Debug|Any CPU.ActiveCfg = Debug|Any CPU
		{8AE383A5-01FA-45E3-B993-1D646C5BD039}.Debug|Any CPU.Build.0 = Debug|Any CPU
		{8AE383A5-01FA-45E3-B993-1D646C5BD039}.Debug|Any CPU.Deploy.0 = Debug|Any CPU
		{8AE383A5-01FA-45E3-B993-1D646C5BD039}.Debug|ARM.ActiveCfg = Debug|Any CPU
		{8AE383A5-01FA-45E3-B993-1D646C5BD039}.Debug|ARM.Build.0 = Debug|Any CPU
		{8AE383A5-01FA-45E3-B993-1D646C5BD039}.Debug|ARM.Deploy.0 = Debug|Any CPU
		{8AE383A5-01FA-45E3-B993-1D646C5BD039}.Debug|iPhone.ActiveCfg = Debug|Any CPU
		{8AE383A5-01FA-45E3-B993-1D646C5BD039}.Debug|iPhone.Build.0 = Debug|Any CPU
		{8AE383A5-01FA-45E3-B993-1D646C5BD039}.Debug|iPhone.Deploy.0 = Debug|Any CPU
		{8AE383A5-01FA-45E3-B993-1D646C5BD039}.Debug|iPhoneSimulator.ActiveCfg = Debug|Any CPU
		{8AE383A5-01FA-45E3-B993-1D646C5BD039}.Debug|iPhoneSimulator.Build.0 = Debug|Any CPU
		{8AE383A5-01FA-45E3-B993-1D646C5BD039}.Debug|iPhoneSimulator.Deploy.0 = Debug|Any CPU
		{8AE383A5-01FA-45E3-B993-1D646C5BD039}.Debug|x64.ActiveCfg = Debug|Any CPU
		{8AE383A5-01FA-45E3-B993-1D646C5BD039}.Debug|x64.Build.0 = Debug|Any CPU
		{8AE383A5-01FA-45E3-B993-1D646C5BD039}.Debug|x64.Deploy.0 = Debug|Any CPU
		{8AE383A5-01FA-45E3-B993-1D646C5BD039}.Debug|x86.ActiveCfg = Debug|Any CPU
		{8AE383A5-01FA-45E3-B993-1D646C5BD039}.Debug|x86.Build.0 = Debug|Any CPU
		{8AE383A5-01FA-45E3-B993-1D646C5BD039}.Debug|x86.Deploy.0 = Debug|Any CPU
		{8AE383A5-01FA-45E3-B993-1D646C5BD039}.Release|Any CPU.ActiveCfg = Release|Any CPU
		{8AE383A5-01FA-45E3-B993-1D646C5BD039}.Release|Any CPU.Build.0 = Release|Any CPU
		{8AE383A5-01FA-45E3-B993-1D646C5BD039}.Release|Any CPU.Deploy.0 = Release|Any CPU
		{8AE383A5-01FA-45E3-B993-1D646C5BD039}.Release|ARM.ActiveCfg = Release|Any CPU
		{8AE383A5-01FA-45E3-B993-1D646C5BD039}.Release|ARM.Build.0 = Release|Any CPU
		{8AE383A5-01FA-45E3-B993-1D646C5BD039}.Release|ARM.Deploy.0 = Release|Any CPU
		{8AE383A5-01FA-45E3-B993-1D646C5BD039}.Release|iPhone.ActiveCfg = Release|Any CPU
		{8AE383A5-01FA-45E3-B993-1D646C5BD039}.Release|iPhone.Build.0 = Release|Any CPU
		{8AE383A5-01FA-45E3-B993-1D646C5BD039}.Release|iPhone.Deploy.0 = Release|Any CPU
		{8AE383A5-01FA-45E3-B993-1D646C5BD039}.Release|iPhoneSimulator.ActiveCfg = Release|Any CPU
		{8AE383A5-01FA-45E3-B993-1D646C5BD039}.Release|iPhoneSimulator.Build.0 = Release|Any CPU
		{8AE383A5-01FA-45E3-B993-1D646C5BD039}.Release|iPhoneSimulator.Deploy.0 = Release|Any CPU
		{8AE383A5-01FA-45E3-B993-1D646C5BD039}.Release|x64.ActiveCfg = Release|Any CPU
		{8AE383A5-01FA-45E3-B993-1D646C5BD039}.Release|x64.Build.0 = Release|Any CPU
		{8AE383A5-01FA-45E3-B993-1D646C5BD039}.Release|x64.Deploy.0 = Release|Any CPU
		{8AE383A5-01FA-45E3-B993-1D646C5BD039}.Release|x86.ActiveCfg = Release|Any CPU
		{8AE383A5-01FA-45E3-B993-1D646C5BD039}.Release|x86.Build.0 = Release|Any CPU
		{8AE383A5-01FA-45E3-B993-1D646C5BD039}.Release|x86.Deploy.0 = Release|Any CPU
	EndGlobalSection
	GlobalSection(SolutionProperties) = preSolution
		HideSolutionNode = FALSE
	EndGlobalSection
	GlobalSection(ExtensibilityGlobals) = postSolution
		SolutionGuid = {90B53B62-8E30-478B-92EE-F9E7B86A7ED4}
	EndGlobalSection
EndGlobal
